
Microsoft Visual Studio Solution File, Format Version 12.00
# Visual Studio 15
VisualStudioVersion = 15.0.26124.0
MinimumVisualStudioVersion = 15.0.26124.0
Project("{FAE04EC0-301F-11D3-BF4B-00C04F79EFBC}") = "DDD.Application", "DDD.Application\DDD.Application.csproj", "{4ABFE2EF-C0D1-4157-86DB-3F694E8ECB1F}"
EndProject
Project("{FAE04EC0-301F-11D3-BF4B-00C04F79EFBC}") = "DDD.Domain", "DDD.Domain\DDD.Domain.csproj", "{3D496944-4C62-4607-8586-47D52E5CDEEF}"
EndProject
Project("{FAE04EC0-301F-11D3-BF4B-00C04F79EFBC}") = "DDD.Infra.Data", "DDD.Infra.Data\DDD.Infra.Data.csproj", "{20A9AA96-61E9-463C-99D0-1BCB8B38072F}"
EndProject
Global
	GlobalSection(SolutionConfigurationPlatforms) = preSolution
		Debug|Any CPU = Debug|Any CPU
		Debug|x64 = Debug|x64
		Debug|x86 = Debug|x86
		Release|Any CPU = Release|Any CPU
		Release|x64 = Release|x64
		Release|x86 = Release|x86
	EndGlobalSection
	GlobalSection(SolutionProperties) = preSolution
		HideSolutionNode = FALSE
	EndGlobalSection
	GlobalSection(ProjectConfigurationPlatforms) = postSolution
		{4ABFE2EF-C0D1-4157-86DB-3F694E8ECB1F}.Debug|Any CPU.ActiveCfg = Debug|Any CPU
		{4ABFE2EF-C0D1-4157-86DB-3F694E8ECB1F}.Debug|Any CPU.Build.0 = Debug|Any CPU
		{4ABFE2EF-C0D1-4157-86DB-3F694E8ECB1F}.Debug|x64.ActiveCfg = Debug|Any CPU
		{4ABFE2EF-C0D1-4157-86DB-3F694E8ECB1F}.Debug|x64.Build.0 = Debug|Any CPU
		{4ABFE2EF-C0D1-4157-86DB-3F694E8ECB1F}.Debug|x86.ActiveCfg = Debug|Any CPU
		{4ABFE2EF-C0D1-4157-86DB-3F694E8ECB1F}.Debug|x86.Build.0 = Debug|Any CPU
		{4ABFE2EF-C0D1-4157-86DB-3F694E8ECB1F}.Release|Any CPU.ActiveCfg = Release|Any CPU
		{4ABFE2EF-C0D1-4157-86DB-3F694E8ECB1F}.Release|Any CPU.Build.0 = Release|Any CPU
		{4ABFE2EF-C0D1-4157-86DB-3F694E8ECB1F}.Release|x64.ActiveCfg = Release|Any CPU
		{4ABFE2EF-C0D1-4157-86DB-3F694E8ECB1F}.Release|x64.Build.0 = Release|Any CPU
		{4ABFE2EF-C0D1-4157-86DB-3F694E8ECB1F}.Release|x86.ActiveCfg = Release|Any CPU
		{4ABFE2EF-C0D1-4157-86DB-3F694E8ECB1F}.Release|x86.Build.0 = Release|Any CPU
		{3D496944-4C62-4607-8586-47D52E5CDEEF}.Debug|Any CPU.ActiveCfg = Debug|Any CPU
		{3D496944-4C62-4607-8586-47D52E5CDEEF}.Debug|Any CPU.Build.0 = Debug|Any CPU
		{3D496944-4C62-4607-8586-47D52E5CDEEF}.Debug|x64.ActiveCfg = Debug|Any CPU
		{3D496944-4C62-4607-8586-47D52E5CDEEF}.Debug|x64.Build.0 = Debug|Any CPU
		{3D496944-4C62-4607-8586-47D52E5CDEEF}.Debug|x86.ActiveCfg = Debug|Any CPU
		{3D496944-4C62-4607-8586-47D52E5CDEEF}.Debug|x86.Build.0 = Debug|Any CPU
		{3D496944-4C62-4607-8586-47D52E5CDEEF}.Release|Any CPU.ActiveCfg = Release|Any CPU
		{3D496944-4C62-4607-8586-47D52E5CDEEF}.Release|Any CPU.Build.0 = Release|Any CPU
		{3D496944-4C62-4607-8586-47D52E5CDEEF}.Release|x64.ActiveCfg = Release|Any CPU
		{3D496944-4C62-4607-8586-47D52E5CDEEF}.Release|x64.Build.0 = Release|Any CPU
		{3D496944-4C62-4607-8586-47D52E5CDEEF}.Release|x86.ActiveCfg = Release|Any CPU
		{3D496944-4C62-4607-8586-47D52E5CDEEF}.Release|x86.Build.0 = Release|Any CPU
		{20A9AA96-61E9-463C-99D0-1BCB8B38072F}.Debug|Any CPU.ActiveCfg = Debug|Any CPU
		{20A9AA96-61E9-463C-99D0-1BCB8B38072F}.Debug|Any CPU.Build.0 = Debug|Any CPU
		{20A9AA96-61E9-463C-99D0-1BCB8B38072F}.Debug|x64.ActiveCfg = Debug|Any CPU
		{20A9AA96-61E9-463C-99D0-1BCB8B38072F}.Debug|x64.Build.0 = Debug|Any CPU
		{20A9AA96-61E9-463C-99D0-1BCB8B38072F}.Debug|x86.ActiveCfg = Debug|Any CPU
		{20A9AA96-61E9-463C-99D0-1BCB8B38072F}.Debug|x86.Build.0 = Debug|Any CPU
		{20A9AA96-61E9-463C-99D0-1BCB8B38072F}.Release|Any CPU.ActiveCfg = Release|Any CPU
		{20A9AA96-61E9-463C-99D0-1BCB8B38072F}.Release|Any CPU.Build.0 = Release|Any CPU
		{20A9AA96-61E9-463C-99D0-1BCB8B38072F}.Release|x64.ActiveCfg = Release|Any CPU
		{20A9AA96-61E9-463C-99D0-1BCB8B38072F}.Release|x64.Build.0 = Release|Any CPU
		{20A9AA96-61E9-463C-99D0-1BCB8B38072F}.Release|x86.ActiveCfg = Release|Any CPU
		{20A9AA96-61E9-463C-99D0-1BCB8B38072F}.Release|x86.Build.0 = Release|Any CPU
	EndGlobalSection
EndGlobal
